
Microsoft Visual Studio Solution File, Format Version 12.00
# Visual Studio Version 17
VisualStudioVersion = 17.4.33213.308
MinimumVisualStudioVersion = 10.0.40219.1
Project("{9A19103F-16F7-4668-BE54-9A1E7A4F7556}") = "CarRental", "CarRental\CarRental.csproj", "{802925CC-5D00-474D-886E-4DAE73B32BA6}"
EndProject
Project("{2150E333-8FDC-42A3-9474-1A3956D46DE8}") = "ExternalSources", "ExternalSources", "{6F17EB7A-D68C-4789-82B2-8211ED6FA149}"
	ProjectSection(SolutionItems) = preProject
		..\..\..\..\Desktop\BananaCarRent.sql = ..\..\..\..\Desktop\BananaCarRent.sql
	EndProjectSection
EndProject
Global
	GlobalSection(SolutionConfigurationPlatforms) = preSolution
		Debug|Any CPU = Debug|Any CPU
		Release|Any CPU = Release|Any CPU
	EndGlobalSection
	GlobalSection(ProjectConfigurationPlatforms) = postSolution
		{802925CC-5D00-474D-886E-4DAE73B32BA6}.Debug|Any CPU.ActiveCfg = Debug|Any CPU
		{802925CC-5D00-474D-886E-4DAE73B32BA6}.Debug|Any CPU.Build.0 = Debug|Any CPU
		{802925CC-5D00-474D-886E-4DAE73B32BA6}.Release|Any CPU.ActiveCfg = Release|Any CPU
		{802925CC-5D00-474D-886E-4DAE73B32BA6}.Release|Any CPU.Build.0 = Release|Any CPU
	EndGlobalSection
	GlobalSection(SolutionProperties) = preSolution
		HideSolutionNode = FALSE
	EndGlobalSection
	GlobalSection(ExtensibilityGlobals) = postSolution
		SolutionGuid = {B61759CF-E1DD-4DC0-A93A-CF8F24830CF1}
	EndGlobalSection
EndGlobal
